
Microsoft Visual Studio Solution File, Format Version 12.00
Project("{FAE04EC0-301F-11D3-BF4B-00C04F79EFBC}") = "Mx.Library", "Mx.Library\Mx.Library.csproj", "{AD0F2790-C534-470D-A695-D0AC3D867062}"
EndProject
Global
	GlobalSection(SolutionConfigurationPlatforms) = preSolution
		Debug|Any CPU = Debug|Any CPU
		Release|Any CPU = Release|Any CPU
	EndGlobalSection
	GlobalSection(ProjectConfigurationPlatforms) = postSolution
		{AD0F2790-C534-470D-A695-D0AC3D867062}.Debug|Any CPU.ActiveCfg = Debug|Any CPU
		{AD0F2790-C534-470D-A695-D0AC3D867062}.Debug|Any CPU.Build.0 = Debug|Any CPU
		{AD0F2790-C534-470D-A695-D0AC3D867062}.Release|Any CPU.ActiveCfg = Release|Any CPU
		{AD0F2790-C534-470D-A695-D0AC3D867062}.Release|Any CPU.Build.0 = Release|Any CPU
	EndGlobalSection
EndGlobal
